
Microsoft Visual Studio Solution File, Format Version 12.00
# Visual Studio Version 16
VisualStudioVersion = 16.0.29409.12
MinimumVisualStudioVersion = 10.0.40219.1
Project("{FAE04EC0-301F-11D3-BF4B-00C04F79EFBC}") = "Prog5NinjaManager", "Prog5NinjaManager\Prog5NinjaManager.csproj", "{02F2A189-1A31-4180-BB94-E2F8E2012053}"
EndProject
Global
	GlobalSection(SolutionConfigurationPlatforms) = preSolution
		Debug|Any CPU = Debug|Any CPU
		Release|Any CPU = Release|Any CPU
	EndGlobalSection
	GlobalSection(ProjectConfigurationPlatforms) = postSolution
		{02F2A189-1A31-4180-BB94-E2F8E2012053}.Debug|Any CPU.ActiveCfg = Debug|Any CPU
		{02F2A189-1A31-4180-BB94-E2F8E2012053}.Debug|Any CPU.Build.0 = Debug|Any CPU
		{02F2A189-1A31-4180-BB94-E2F8E2012053}.Release|Any CPU.ActiveCfg = Release|Any CPU
		{02F2A189-1A31-4180-BB94-E2F8E2012053}.Release|Any CPU.Build.0 = Release|Any CPU
	EndGlobalSection
	GlobalSection(SolutionProperties) = preSolution
		HideSolutionNode = FALSE
	EndGlobalSection
	GlobalSection(ExtensibilityGlobals) = postSolution
		SolutionGuid = {30EF8C29-A837-43D1-A1EB-26C4E26C1759}
	EndGlobalSection
EndGlobal
